
Microsoft Visual Studio Solution File, Format Version 11.00
# Visual Studio 2010
Project("{FAE04EC0-301F-11D3-BF4B-00C04F79EFBC}") = "CircuitLabAR", "Assembly-CSharp.csproj", "{F4059FD1-A1FB-8685-9A5B-4DF9998A283E}"
EndProject
Project("{FAE04EC0-301F-11D3-BF4B-00C04F79EFBC}") = "CircuitLabAR", "Assembly-CSharp-Editor.csproj", "{4E59CAB5-C1FF-2151-B5B3-CD12925AC05A}"
EndProject
Global
	GlobalSection(SolutionConfigurationPlatforms) = preSolution
		Debug|Any CPU = Debug|Any CPU
		Release|Any CPU = Release|Any CPU
	EndGlobalSection
	GlobalSection(ProjectConfigurationPlatforms) = postSolution
		{F4059FD1-A1FB-8685-9A5B-4DF9998A283E}.Debug|Any CPU.ActiveCfg = Debug|Any CPU
		{F4059FD1-A1FB-8685-9A5B-4DF9998A283E}.Debug|Any CPU.Build.0 = Debug|Any CPU
		{F4059FD1-A1FB-8685-9A5B-4DF9998A283E}.Release|Any CPU.ActiveCfg = Release|Any CPU
		{F4059FD1-A1FB-8685-9A5B-4DF9998A283E}.Release|Any CPU.Build.0 = Release|Any CPU
		{4E59CAB5-C1FF-2151-B5B3-CD12925AC05A}.Debug|Any CPU.ActiveCfg = Debug|Any CPU
		{4E59CAB5-C1FF-2151-B5B3-CD12925AC05A}.Debug|Any CPU.Build.0 = Debug|Any CPU
		{4E59CAB5-C1FF-2151-B5B3-CD12925AC05A}.Release|Any CPU.ActiveCfg = Release|Any CPU
		{4E59CAB5-C1FF-2151-B5B3-CD12925AC05A}.Release|Any CPU.Build.0 = Release|Any CPU
	EndGlobalSection
	GlobalSection(SolutionProperties) = preSolution
		HideSolutionNode = FALSE
	EndGlobalSection
	GlobalSection(MonoDevelopProperties) = preSolution
		StartupItem = Assembly-CSharp.csproj
	EndGlobalSection
EndGlobal
